
Microsoft Visual Studio Solution File, Format Version 12.00
Project("{2150E333-8FDC-42A3-9474-1A3956D46DE8}") = "samples", "samples", "{03665047-8382-4703-B7D9-4D17AB15163A}"
EndProject
Project("{FAE04EC0-301F-11D3-BF4B-00C04F79EFBC}") = "ArpSample", "samples\ArpSample\ArpSample.csproj", "{4F1D00FE-0627-4FEA-AD20-E5DD70A5F037}"
EndProject
Global
	GlobalSection(SolutionConfigurationPlatforms) = preSolution
		Debug|Any CPU = Debug|Any CPU
		Release|Any CPU = Release|Any CPU
	EndGlobalSection
	GlobalSection(NestedProjects) = preSolution
		{4F1D00FE-0627-4FEA-AD20-E5DD70A5F037} = {03665047-8382-4703-B7D9-4D17AB15163A}
	EndGlobalSection
	GlobalSection(ProjectConfigurationPlatforms) = postSolution
		{4F1D00FE-0627-4FEA-AD20-E5DD70A5F037}.Debug|Any CPU.ActiveCfg = Debug|Any CPU
		{4F1D00FE-0627-4FEA-AD20-E5DD70A5F037}.Debug|Any CPU.Build.0 = Debug|Any CPU
		{4F1D00FE-0627-4FEA-AD20-E5DD70A5F037}.Release|Any CPU.ActiveCfg = Release|Any CPU
		{4F1D00FE-0627-4FEA-AD20-E5DD70A5F037}.Release|Any CPU.Build.0 = Release|Any CPU
	EndGlobalSection
EndGlobal
